
Microsoft Visual Studio Solution File, Format Version 12.00
# Visual Studio 2013
VisualStudioVersion = 12.0.21005.1
MinimumVisualStudioVersion = 10.0.40219.1
Project("{FAE04EC0-301F-11D3-BF4B-00C04F79EFBC}") = "DoAn_QuanLyCuaHangLaptop", "DoAn_QuanLyCuaHangLaptop\DoAn_QuanLyCuaHangLaptop.csproj", "{B9F8F80A-4BE5-416C-80BC-FDC52F23E34C}"
EndProject
Project("{FAE04EC0-301F-11D3-BF4B-00C04F79EFBC}") = "DAL", "DAL\DAL.csproj", "{14FA6E0F-5269-4195-AC25-1D9BF63BD3B9}"
EndProject
Project("{FAE04EC0-301F-11D3-BF4B-00C04F79EFBC}") = "BLL", "BLL\BLL.csproj", "{4B20AEAB-81DC-4225-8C1D-4B8CC270187A}"
EndProject
Global
	GlobalSection(SolutionConfigurationPlatforms) = preSolution
		Debug|Any CPU = Debug|Any CPU
		Release|Any CPU = Release|Any CPU
	EndGlobalSection
	GlobalSection(ProjectConfigurationPlatforms) = postSolution
		{B9F8F80A-4BE5-416C-80BC-FDC52F23E34C}.Debug|Any CPU.ActiveCfg = Debug|Any CPU
		{B9F8F80A-4BE5-416C-80BC-FDC52F23E34C}.Debug|Any CPU.Build.0 = Debug|Any CPU
		{B9F8F80A-4BE5-416C-80BC-FDC52F23E34C}.Release|Any CPU.ActiveCfg = Release|Any CPU
		{B9F8F80A-4BE5-416C-80BC-FDC52F23E34C}.Release|Any CPU.Build.0 = Release|Any CPU
		{14FA6E0F-5269-4195-AC25-1D9BF63BD3B9}.Debug|Any CPU.ActiveCfg = Debug|Any CPU
		{14FA6E0F-5269-4195-AC25-1D9BF63BD3B9}.Debug|Any CPU.Build.0 = Debug|Any CPU
		{14FA6E0F-5269-4195-AC25-1D9BF63BD3B9}.Release|Any CPU.ActiveCfg = Release|Any CPU
		{14FA6E0F-5269-4195-AC25-1D9BF63BD3B9}.Release|Any CPU.Build.0 = Release|Any CPU
		{4B20AEAB-81DC-4225-8C1D-4B8CC270187A}.Debug|Any CPU.ActiveCfg = Debug|Any CPU
		{4B20AEAB-81DC-4225-8C1D-4B8CC270187A}.Debug|Any CPU.Build.0 = Debug|Any CPU
		{4B20AEAB-81DC-4225-8C1D-4B8CC270187A}.Release|Any CPU.ActiveCfg = Release|Any CPU
		{4B20AEAB-81DC-4225-8C1D-4B8CC270187A}.Release|Any CPU.Build.0 = Release|Any CPU
	EndGlobalSection
	GlobalSection(SolutionProperties) = preSolution
		HideSolutionNode = FALSE
	EndGlobalSection
EndGlobal
